// !$*UTF8*$!
{
	archiveVersion = 1;
	classes = {
	};
	objectVersion = 48;
	objects = {

/* Begin PBXBuildFile section */
		EE3C4443209F3BF7007B56DC /* AppDelegate.m in Sources */ = {isa = PBXBuildFile; fileRef = EE3C4442209F3BF7007B56DC /* AppDelegate.m */; };
		EE3C4446209F3BF7007B56DC /* ViewController.m in Sources */ = {isa = PBXBuildFile; fileRef = EE3C4445209F3BF7007B56DC /* ViewController.m */; };
		EE3C4448209F3BF7007B56DC /* Assets.xcassets in Resources */ = {isa = PBXBuildFile; fileRef = EE3C4447209F3BF7007B56DC /* Assets.xcassets */; };
		EE3C444B209F3BF7007B56DC /* Main.storyboard in Resources */ = {isa = PBXBuildFile; fileRef = EE3C4449209F3BF7007B56DC /* Main.storyboard */; };
		EE3C444E209F3BF7007B56DC /* main.m in Sources */ = {isa = PBXBuildFile; fileRef = EE3C444D209F3BF7007B56DC /* main.m */; };
		EE3C4457209F3C08007B56DC /* TCPConnection.m in Sources */ = {isa = PBXBuildFile; fileRef = EE3C4456209F3C08007B56DC /* TCPConnection.m */; };
		EE3C445A209F3C13007B56DC /* TCPState.m in Sources */ = {isa = PBXBuildFile; fileRef = EE3C4459209F3C13007B56DC /* TCPState.m */; };
		EE3C445D209F3CFA007B56DC /* TCPEstablished.m in Sources */ = {isa = PBXBuildFile; fileRef = EE3C445C209F3CFA007B56DC /* TCPEstablished.m */; };
		EE3C4460209F409C007B56DC /* TCPClosed.m in Sources */ = {isa = PBXBuildFile; fileRef = EE3C445F209F409C007B56DC /* TCPClosed.m */; };
/* End PBXBuildFile section */

/* Begin PBXFileReference section */
		EE3C443E209F3BF7007B56DC /* DesignPatterns-State.app */ = {isa = PBXFileReference; explicitFileType = wrapper.application; includeInIndex = 0; path = "DesignPatterns-State.app"; sourceTree = BUILT_PRODUCTS_DIR; };
		EE3C4441209F3BF7007B56DC /* AppDelegate.h */ = {isa = PBXFileReference; lastKnownFileType = sourcecode.c.h; path = AppDelegate.h; sourceTree = "<group>"; };
		EE3C4442209F3BF7007B56DC /* AppDelegate.m */ = {isa = PBXFileReference; lastKnownFileType = sourcecode.c.objc; path = AppDelegate.m; sourceTree = "<group>"; };
		EE3C4444209F3BF7007B56DC /* ViewController.h */ = {isa = PBXFileReference; lastKnownFileType = sourcecode.c.h; path = ViewController.h; sourceTree = "<group>"; };
		EE3C4445209F3BF7007B56DC /* ViewController.m */ = {isa = PBXFileReference; lastKnownFileType = sourcecode.c.objc; path = ViewController.m; sourceTree = "<group>"; };
		EE3C4447209F3BF7007B56DC /* Assets.xcassets */ = {isa = PBXFileReference; lastKnownFileType = folder.assetcatalog; path = Assets.xcassets; sourceTree = "<group>"; };
		EE3C444A209F3BF7007B56DC /* Base */ = {isa = PBXFileReference; lastKnownFileType = file.storyboard; name = Base; path = Base.lproj/Main.storyboard; sourceTree = "<group>"; };
		EE3C444C209F3BF7007B56DC /* Info.plist */ = {isa = PBXFileReference; lastKnownFileType = text.plist.xml; path = Info.plist; sourceTree = "<group>"; };
		EE3C444D209F3BF7007B56DC /* main.m */ = {isa = PBXFileReference; lastKnownFileType = sourcecode.c.objc; path = main.m; sourceTree = "<group>"; };
		EE3C444F209F3BF7007B56DC /* DesignPatterns_State.entitlements */ = {isa = PBXFileReference; lastKnownFileType = text.plist.entitlements; path = DesignPatterns_State.entitlements; sourceTree = "<group>"; };
		EE3C4455209F3C08007B56DC /* TCPConnection.h */ = {isa = PBXFileReference; lastKnownFileType = sourcecode.c.h; path = TCPConnection.h; sourceTree = "<group>"; };
		EE3C4456209F3C08007B56DC /* TCPConnection.m */ = {isa = PBXFileReference; lastKnownFileType = sourcecode.c.objc; path = TCPConnection.m; sourceTree = "<group>"; };
		EE3C4458209F3C13007B56DC /* TCPState.h */ = {isa = PBXFileReference; lastKnownFileType = sourcecode.c.h; path = TCPState.h; sourceTree = "<group>"; };
		EE3C4459209F3C13007B56DC /* TCPState.m */ = {isa = PBXFileReference; lastKnownFileType = sourcecode.c.objc; path = TCPState.m; sourceTree = "<group>"; };
		EE3C445B209F3CFA007B56DC /* TCPEstablished.h */ = {isa = PBXFileReference; lastKnownFileType = sourcecode.c.h; path = TCPEstablished.h; sourceTree = "<group>"; };
		EE3C445C209F3CFA007B56DC /* TCPEstablished.m */ = {isa = PBXFileReference; lastKnownFileType = sourcecode.c.objc; path = TCPEstablished.m; sourceTree = "<group>"; };
		EE3C445E209F409C007B56DC /* TCPClosed.h */ = {isa = PBXFileReference; lastKnownFileType = sourcecode.c.h; path = TCPClosed.h; sourceTree = "<group>"; };
		EE3C445F209F409C007B56DC /* TCPClosed.m */ = {isa = PBXFileReference; lastKnownFileType = sourcecode.c.objc; path = TCPClosed.m; sourceTree = "<group>"; };
/* End PBXFileReference section */

/* Begin PBXFrameworksBuildPhase section */
		EE3C443B209F3BF7007B56DC /* Frameworks */ = {
			isa = PBXFrameworksBuildPhase;
			buildActionMask = 2147483647;
			files = (
			);
			runOnlyForDeploymentPostprocessing = 0;
		};
/* End PBXFrameworksBuildPhase section */

/* Begin PBXGroup section */
		EE3C4435209F3BF7007B56DC = {
			isa = PBXGroup;
			children = (
				EE3C4440209F3BF7007B56DC /* DesignPatterns-State */,
				EE3C443F209F3BF7007B56DC /* Products */,
			);
			sourceTree = "<group>";
		};
		EE3C443F209F3BF7007B56DC /* Products */ = {
			isa = PBXGroup;
			children = (
				EE3C443E209F3BF7007B56DC /* DesignPatterns-State.app */,
			);
			name = Products;
			sourceTree = "<group>";
		};
		EE3C4440209F3BF7007B56DC /* DesignPatterns-State */ = {
			isa = PBXGroup;
			children = (
				EE3C4441209F3BF7007B56DC /* AppDelegate.h */,
				EE3C4442209F3BF7007B56DC /* AppDelegate.m */,
				EE3C4455209F3C08007B56DC /* TCPConnection.h */,
				EE3C4456209F3C08007B56DC /* TCPConnection.m */,
				EE3C4458209F3C13007B56DC /* TCPState.h */,
				EE3C4459209F3C13007B56DC /* TCPState.m */,
				EE3C445B209F3CFA007B56DC /* TCPEstablished.h */,
				EE3C445C209F3CFA007B56DC /* TCPEstablished.m */,
				EE3C445E209F409C007B56DC /* TCPClosed.h */,
				EE3C445F209F409C007B56DC /* TCPClosed.m */,
				EE3C4444209F3BF7007B56DC /* ViewController.h */,
				EE3C4445209F3BF7007B56DC /* ViewController.m */,
				EE3C4447209F3BF7007B56DC /* Assets.xcassets */,
				EE3C4449209F3BF7007B56DC /* Main.storyboard */,
				EE3C444C209F3BF7007B56DC /* Info.plist */,
				EE3C444D209F3BF7007B56DC /* main.m */,
				EE3C444F209F3BF7007B56DC /* DesignPatterns_State.entitlements */,
			);
			path = "DesignPatterns-State";
			sourceTree = "<group>";
		};
/* End PBXGroup section */

/* Begin PBXNativeTarget section */
		EE3C443D209F3BF7007B56DC /* DesignPatterns-State */ = {
			isa = PBXNativeTarget;
			buildConfigurationList = EE3C4452209F3BF7007B56DC /* Build configuration list for PBXNativeTarget "DesignPatterns-State" */;
			buildPhases = (
				EE3C443A209F3BF7007B56DC /* Sources */,
				EE3C443B209F3BF7007B56DC /* Frameworks */,
				EE3C443C209F3BF7007B56DC /* Resources */,
			);
			buildRules = (
			);
			dependencies = (
			);
			name = "DesignPatterns-State";
			productName = "DesignPatterns-State";
			productReference = EE3C443E209F3BF7007B56DC /* DesignPatterns-State.app */;
			productType = "com.apple.product-type.application";
		};
/* End PBXNativeTarget section */

/* Begin PBXProject section */
		EE3C4436209F3BF7007B56DC /* Project object */ = {
			isa = PBXProject;
			attributes = {
				LastUpgradeCheck = 0900;
				ORGANIZATIONNAME = jinren;
				TargetAttributes = {
					EE3C443D209F3BF7007B56DC = {
						CreatedOnToolsVersion = 9.0;
						ProvisioningStyle = Automatic;
					};
				};
			};
			buildConfigurationList = EE3C4439209F3BF7007B56DC /* Build configuration list for PBXProject "DesignPatterns-State" */;
			compatibilityVersion = "Xcode 8.0";
			developmentRegion = en;
			hasScannedForEncodings = 0;
			knownRegions = (
				en,
				Base,
			);
			mainGroup = EE3C4435209F3BF7007B56DC;
			productRefGroup = EE3C443F209F3BF7007B56DC /* Products */;
			projectDirPath = "";
			projectRoot = "";
			targets = (
				EE3C443D209F3BF7007B56DC /* DesignPatterns-State */,
			);
		};
/* End PBXProject section */

/* Begin PBXResourcesBuildPhase section */
		EE3C443C209F3BF7007B56DC /* Resources */ = {
			isa = PBXResourcesBuildPhase;
			buildActionMask = 2147483647;
			files = (
				EE3C4448209F3BF7007B56DC /* Assets.xcassets in Resources */,
				EE3C444B209F3BF7007B56DC /* Main.storyboard in Resources */,
			);
			runOnlyForDeploymentPostprocessing = 0;
		};
/* End PBXResourcesBuildPhase section */

/* Begin PBXSourcesBuildPhase section */
		EE3C443A209F3BF7007B56DC /* Sources */ = {
			isa = PBXSourcesBuildPhase;
			buildActionMask = 2147483647;
			files = (
				EE3C4460209F409C007B56DC /* TCPClosed.m in Sources */,
				EE3C445D209F3CFA007B56DC /* TCPEstablished.m in Sources */,
				EE3C445A209F3C13007B56DC /* TCPState.m in Sources */,
				EE3C4446209F3BF7007B56DC /* ViewController.m in Sources */,
				EE3C4457209F3C08007B56DC /* TCPConnection.m in Sources */,
				EE3C444E209F3BF7007B56DC /* main.m in Sources */,
				EE3C4443209F3BF7007B56DC /* AppDelegate.m in Sources */,
			);
			runOnlyForDeploymentPostprocessing = 0;
		};
/* End PBXSourcesBuildPhase section */

/* Begin PBXVariantGroup section */
		EE3C4449209F3BF7007B56DC /* Main.storyboard */ = {
			isa = PBXVariantGroup;
			children = (
				EE3C444A209F3BF7007B56DC /* Base */,
			);
			name = Main.storyboard;
			sourceTree = "<group>";
		};
/* End PBXVariantGroup section */

/* Begin XCBuildConfiguration section */
		EE3C4450209F3BF7007B56DC /* Debug */ = {
			isa = XCBuildConfiguration;
			buildSettings = {
				ALWAYS_SEARCH_USER_PATHS = NO;
				CLANG_ANALYZER_NONNULL = YES;
				CLANG_ANALYZER_NUMBER_OBJECT_CONVERSION = YES_AGGRESSIVE;
				CLANG_CXX_LANGUAGE_STANDARD = "gnu++14";
				CLANG_CXX_LIBRARY = "libc++";
				CLANG_ENABLE_MODULES = YES;
				CLANG_ENABLE_OBJC_ARC = YES;
				CLANG_WARN_BLOCK_CAPTURE_AUTORELEASING = YES;
				CLANG_WARN_BOOL_CONVERSION = YES;
				CLANG_WARN_COMMA = YES;
				CLANG_WARN_CONSTANT_CONVERSION = YES;
				CLANG_WARN_DIRECT_OBJC_ISA_USAGE = YES_ERROR;
				CLANG_WARN_DOCUMENTATION_COMMENTS = YES;
				CLANG_WARN_EMPTY_BODY = YES;
				CLANG_WARN_ENUM_CONVERSION = YES;
				CLANG_WARN_INFINITE_RECURSION = YES;
				CLANG_WARN_INT_CONVERSION = YES;
				CLANG_WARN_NON_LITERAL_NULL_CONVERSION = YES;
				CLANG_WARN_OBJC_LITERAL_CONVERSION = YES;
				CLANG_WARN_OBJC_ROOT_CLASS = YES_ERROR;
				CLANG_WARN_RANGE_LOOP_ANALYSIS = YES;
				CLANG_WARN_STRICT_PROTOTYPES = YES;
				CLANG_WARN_SUSPICIOUS_MOVE = YES;
				CLANG_WARN_UNGUARDED_AVAILABILITY = YES_AGGRESSIVE;
				CLANG_WARN_UNREACHABLE_CODE = YES;
				CLANG_WARN__DUPLICATE_METHOD_MATCH = YES;
				CODE_SIGN_IDENTITY = "Mac Developer";
				COPY_PHASE_STRIP = NO;
				DEBUG_INFORMATION_FORMAT = dwarf;
				ENABLE_STRICT_OBJC_MSGSEND = YES;
				ENABLE_TESTABILITY = YES;
				GCC_C_LANGUAGE_STANDARD = gnu11;
				GCC_DYNAMIC_NO_PIC = NO;
				GCC_NO_COMMON_BLOCKS = YES;
				GCC_OPTIMIZATION_LEVEL = 0;
				GCC_PREPROCESSOR_DEFINITIONS = (
					"DEBUG=1",
					"$(inherited)",
				);
				GCC_WARN_64_TO_32_BIT_CONVERSION = YES;
				GCC_WARN_ABOUT_RETURN_TYPE = YES_ERROR;
				GCC_WARN_UNDECLARED_SELECTOR = YES;
				GCC_WARN_UNINITIALIZED_AUTOS = YES_AGGRESSIVE;
				GCC_WARN_UNUSED_FUNCTION = YES;
				GCC_WARN_UNUSED_VARIABLE = YES;
				MACOSX_DEPLOYMENT_TARGET = 10.12;
				MTL_ENABLE_DEBUG_INFO = YES;
				ONLY_ACTIVE_ARCH = YES;
				SDKROOT = macosx;
			};
			name = Debug;
		};
		EE3C4451209F3BF7007B56DC /* Release */ = {
			isa = XCBuildConfiguration;
			buildSettings = {
				ALWAYS_SEARCH_USER_PATHS = NO;
				CLANG_ANALYZER_NONNULL = YES;
				CLANG_ANALYZER_NUMBER_OBJECT_CONVERSION = YES_AGGRESSIVE;
				CLANG_CXX_LANGUAGE_STANDARD = "gnu++14";
				CLANG_CXX_LIBRARY = "libc++";
				CLANG_ENABLE_MODULES = YES;
				CLANG_ENABLE_OBJC_ARC = YES;
				CLANG_WARN_BLOCK_CAPTURE_AUTORELEASING = YES;
				CLANG_WARN_BOOL_CONVERSION = YES;
				CLANG_WARN_COMMA = YES;
				CLANG_WARN_CONSTANT_CONVERSION = YES;
				CLANG_WARN_DIRECT_OBJC_ISA_USAGE = YES_ERROR;
				CLANG_WARN_DOCUMENTATION_COMMENTS = YES;
				CLANG_WARN_EMPTY_BODY = YES;
				CLANG_WARN_ENUM_CONVERSION = YES;
				CLANG_WARN_INFINITE_RECURSION = YES;
				CLANG_WARN_INT_CONVERSION = YES;
				CLANG_WARN_NON_LITERAL_NULL_CONVERSION = YES;
				CLANG_WARN_OBJC_LITERAL_CONVERSION = YES;
				CLANG_WARN_OBJC_ROOT_CLASS = YES_ERROR;
				CLANG_WARN_RANGE_LOOP_ANALYSIS = YES;
				CLANG_WARN_STRICT_PROTOTYPES = YES;
				CLANG_WARN_SUSPICIOUS_MOVE = YES;
				CLANG_WARN_UNGUARDED_AVAILABILITY = YES_AGGRESSIVE;
				CLANG_WARN_UNREACHABLE_CODE = YES;
				CLANG_WARN__DUPLICATE_METHOD_MATCH = YES;
				CODE_SIGN_IDENTITY = "Mac Developer";
				COPY_PHASE_STRIP = NO;
				DEBUG_INFORMATION_FORMAT = "dwarf-with-dsym";
				ENABLE_NS_ASSERTIONS = NO;
				ENABLE_STRICT_OBJC_MSGSEND = YES;
				GCC_C_LANGUAGE_STANDARD = gnu11;
				GCC_NO_COMMON_BLOCKS = YES;
				GCC_WARN_64_TO_32_BIT_CONVERSION = YES;
				GCC_WARN_ABOUT_RETURN_TYPE = YES_ERROR;
				GCC_WARN_UNDECLARED_SELECTOR = YES;
				GCC_WARN_UNINITIALIZED_AUTOS = YES_AGGRESSIVE;
				GCC_WARN_UNUSED_FUNCTION = YES;
				GCC_WARN_UNUSED_VARIABLE = YES;
				MACOSX_DEPLOYMENT_TARGET = 10.12;
				MTL_ENABLE_DEBUG_INFO = NO;
				SDKROOT = macosx;
			};
			name = Release;
		};
		EE3C4453209F3BF7007B56DC /* Debug */ = {
			isa = XCBuildConfiguration;
			buildSettings = {
				ASSETCATALOG_COMPILER_APPICON_NAME = AppIcon;
				CODE_SIGN_ENTITLEMENTS = "DesignPatterns-State/DesignPatterns_State.entitlements";
				CODE_SIGN_STYLE = Automatic;
				COMBINE_HIDPI_IMAGES = YES;
				DEVELOPMENT_TEAM = 49XFPF8C85;
				INFOPLIST_FILE = "DesignPatterns-State/Info.plist";
				LD_RUNPATH_SEARCH_PATHS = "$(inherited) @executable_path/../Frameworks";
				PRODUCT_BUNDLE_IDENTIFIER = "com.cisco.DesignPatterns-State";
				PRODUCT_NAME = "$(TARGET_NAME)";
			};
			name = Debug;
		};
		EE3C4454209F3BF7007B56DC /* Release */ = {
			isa = XCBuildConfiguration;
			buildSettings = {
				ASSETCATALOG_COMPILER_APPICON_NAME = AppIcon;
				CODE_SIGN_ENTITLEMENTS = "DesignPatterns-State/DesignPatterns_State.entitlements";
				CODE_SIGN_STYLE = Automatic;
				COMBINE_HIDPI_IMAGES = YES;
				DEVELOPMENT_TEAM = 49XFPF8C85;
				INFOPLIST_FILE = "DesignPatterns-State/Info.plist";
				LD_RUNPATH_SEARCH_PATHS = "$(inherited) @executable_path/../Frameworks";
				PRODUCT_BUNDLE_IDENTIFIER = "com.cisco.DesignPatterns-State";
				PRODUCT_NAME = "$(TARGET_NAME)";
			};
			name = Release;
		};
/* End XCBuildConfiguration section */

/* Begin XCConfigurationList section */
		EE3C4439209F3BF7007B56DC /* Build configuration list for PBXProject "DesignPatterns-State" */ = {
			isa = XCConfigurationList;
			buildConfigurations = (
				EE3C4450209F3BF7007B56DC /* Debug */,
				EE3C4451209F3BF7007B56DC /* Release */,
			);
			defaultConfigurationIsVisible = 0;
			defaultConfigurationName = Release;
		};
		EE3C4452209F3BF7007B56DC /* Build configuration list for PBXNativeTarget "DesignPatterns-State" */ = {
			isa = XCConfigurationList;
			buildConfigurations = (
				EE3C4453209F3BF7007B56DC /* Debug */,
				EE3C4454209F3BF7007B56DC /* Release */,
			);
			defaultConfigurationIsVisible = 0;
			defaultConfigurationName = Release;
		};
/* End XCConfigurationList section */
	};
	rootObject = EE3C4436209F3BF7007B56DC /* Project object */;
}
